
Microsoft Visual Studio Solution File, Format Version 12.00
# Visual Studio Version 17
VisualStudioVersion = 17.7.34003.232
MinimumVisualStudioVersion = 10.0.40219.1
Project("{FAE04EC0-301F-11D3-BF4B-00C04F79EFBC}") = "OrderLibrary", "OrderLibrary\OrderLibrary.csproj", "{2B79C1C9-C140-4F1C-A174-050949A4733C}"
EndProject
Project("{FAE04EC0-301F-11D3-BF4B-00C04F79EFBC}") = "OrderLibrary.Tests", "OrderLibrary.Tests\OrderLibrary.Tests.csproj", "{B56E0294-2471-4A47-A038-BC7652C670A3}"
EndProject
Global
	GlobalSection(SolutionConfigurationPlatforms) = preSolution
		Debug|Any CPU = Debug|Any CPU
		Release|Any CPU = Release|Any CPU
	EndGlobalSection
	GlobalSection(ProjectConfigurationPlatforms) = postSolution
		{2B79C1C9-C140-4F1C-A174-050949A4733C}.Debug|Any CPU.ActiveCfg = Debug|Any CPU
		{2B79C1C9-C140-4F1C-A174-050949A4733C}.Debug|Any CPU.Build.0 = Debug|Any CPU
		{2B79C1C9-C140-4F1C-A174-050949A4733C}.Release|Any CPU.ActiveCfg = Release|Any CPU
		{2B79C1C9-C140-4F1C-A174-050949A4733C}.Release|Any CPU.Build.0 = Release|Any CPU
		{B56E0294-2471-4A47-A038-BC7652C670A3}.Debug|Any CPU.ActiveCfg = Debug|Any CPU
		{B56E0294-2471-4A47-A038-BC7652C670A3}.Debug|Any CPU.Build.0 = Debug|Any CPU
		{B56E0294-2471-4A47-A038-BC7652C670A3}.Release|Any CPU.ActiveCfg = Release|Any CPU
		{B56E0294-2471-4A47-A038-BC7652C670A3}.Release|Any CPU.Build.0 = Release|Any CPU
	EndGlobalSection
	GlobalSection(SolutionProperties) = preSolution
		HideSolutionNode = FALSE
	EndGlobalSection
	GlobalSection(ExtensibilityGlobals) = postSolution
		SolutionGuid = {F583ECF0-0965-4105-8025-DF3466F63D53}
	EndGlobalSection
EndGlobal
